{
  "name": "readyset-flow",
  "version": "0.9.0",
  "lockfileVersion": 3,
  "requires": true,
  "packages": {
    "": {
      "name": "readyset-flow",
      "version": "0.9.0",
      "license": "MIT",
      "bin": {
        "readyset-flow": "src/cli/install.mjs"
      },
      "engines": {
        "node": ">=18"
      }
    }
  }
}
